
Microsoft Visual Studio Solution File, Format Version 12.00
# Visual Studio 15
Project("{FAE04EC0-301F-11D3-BF4B-00C04F79EFBC}") = "PP_LU2", "PP_LU2\PP_LU2.csproj", "{E961C1C4-1E59-4EE8-91A6-0D36A232FD42}"
EndProject
Global
	GlobalSection(SolutionConfigurationPlatforms) = preSolution
		Debug|anycpu = Debug|anycpu
		Release|anycpu = Release|anycpu
	EndGlobalSection
	GlobalSection(ProjectConfigurationPlatforms) = postSolution
		{E961C1C4-1E59-4EE8-91A6-0D36A232FD42}.Debug|anycpu.ActiveCfg = Debug|anycpu
		{E961C1C4-1E59-4EE8-91A6-0D36A232FD42}.Debug|anycpu.Build.0 = Debug|anycpu
		{E961C1C4-1E59-4EE8-91A6-0D36A232FD42}.Release|anycpu.ActiveCfg = Release|anycpu
		{E961C1C4-1E59-4EE8-91A6-0D36A232FD42}.Release|anycpu.Build.0 = Release|anycpu
	EndGlobalSection
EndGlobal
