
Microsoft Visual Studio Solution File, Format Version 12.00
# Visual Studio 15
Project("{FAE04EC0-301F-11D3-BF4B-00C04F79EFBC}") = "pp_lu3", "pp_lu3\pp_lu3.csproj", "{C9B15FE7-3497-40BC-B2D5-B06B9996FA92}"
EndProject
Global
	GlobalSection(SolutionConfigurationPlatforms) = preSolution
		Debug|anycpu = Debug|anycpu
		Release|anycpu = Release|anycpu
	EndGlobalSection
	GlobalSection(ProjectConfigurationPlatforms) = postSolution
		{C9B15FE7-3497-40BC-B2D5-B06B9996FA92}.Debug|anycpu.ActiveCfg = Debug|anycpu
		{C9B15FE7-3497-40BC-B2D5-B06B9996FA92}.Debug|anycpu.Build.0 = Debug|anycpu
		{C9B15FE7-3497-40BC-B2D5-B06B9996FA92}.Release|anycpu.ActiveCfg = Release|anycpu
		{C9B15FE7-3497-40BC-B2D5-B06B9996FA92}.Release|anycpu.Build.0 = Release|anycpu
	EndGlobalSection
EndGlobal
