// !$*UTF8*$!
{
	archiveVersion = 1;
	classes = {
	};
	objectVersion = 50;
	objects = {

/* Begin PBXBuildFile section */
		DC51043F2660B62400BB3F08 /* main.cpp in Sources */ = {isa = PBXBuildFile; fileRef = DC51043E2660B62400BB3F08 /* main.cpp */; };
		DC5104472660BE6200BB3F08 /* libomp.dylib in Frameworks */ = {isa = PBXBuildFile; fileRef = DC5104462660BE6200BB3F08 /* libomp.dylib */; };
/* End PBXBuildFile section */

/* Begin PBXCopyFilesBuildPhase section */
		DC5104392660B62400BB3F08 /* CopyFiles */ = {
			isa = PBXCopyFilesBuildPhase;
			buildActionMask = 2147483647;
			dstPath = /usr/share/man/man1/;
			dstSubfolderSpec = 0;
			files = (
			);
			runOnlyForDeploymentPostprocessing = 1;
		};
/* End PBXCopyFilesBuildPhase section */

/* Begin PBXFileReference section */
		DC51043B2660B62400BB3F08 /* openmp */ = {isa = PBXFileReference; explicitFileType = "compiled.mach-o.executable"; includeInIndex = 0; path = openmp; sourceTree = BUILT_PRODUCTS_DIR; };
		DC51043E2660B62400BB3F08 /* main.cpp */ = {isa = PBXFileReference; lastKnownFileType = sourcecode.cpp.cpp; path = main.cpp; sourceTree = "<group>"; };
		DC5104462660BE6200BB3F08 /* libomp.dylib */ = {isa = PBXFileReference; lastKnownFileType = "compiled.mach-o.dylib"; name = libomp.dylib; path = ../../../../../../../usr/local/Cellar/llvm/12.0.0_1/lib/libomp.dylib; sourceTree = "<group>"; };
/* End PBXFileReference section */

/* Begin PBXFrameworksBuildPhase section */
		DC5104382660B62400BB3F08 /* Frameworks */ = {
			isa = PBXFrameworksBuildPhase;
			buildActionMask = 2147483647;
			files = (
				DC5104472660BE6200BB3F08 /* libomp.dylib in Frameworks */,
			);
			runOnlyForDeploymentPostprocessing = 0;
		};
/* End PBXFrameworksBuildPhase section */

/* Begin PBXGroup section */
		DC5104322660B62400BB3F08 = {
			isa = PBXGroup;
			children = (
				DC51043D2660B62400BB3F08 /* openmp */,
				DC51043C2660B62400BB3F08 /* Products */,
				DC5104452660BE6200BB3F08 /* Frameworks */,
			);
			sourceTree = "<group>";
		};
		DC51043C2660B62400BB3F08 /* Products */ = {
			isa = PBXGroup;
			children = (
				DC51043B2660B62400BB3F08 /* openmp */,
			);
			name = Products;
			sourceTree = "<group>";
		};
		DC51043D2660B62400BB3F08 /* openmp */ = {
			isa = PBXGroup;
			children = (
				DC51043E2660B62400BB3F08 /* main.cpp */,
			);
			path = openmp;
			sourceTree = "<group>";
		};
		DC5104452660BE6200BB3F08 /* Frameworks */ = {
			isa = PBXGroup;
			children = (
				DC5104462660BE6200BB3F08 /* libomp.dylib */,
			);
			name = Frameworks;
			sourceTree = "<group>";
		};
/* End PBXGroup section */

/* Begin PBXNativeTarget section */
		DC51043A2660B62400BB3F08 /* openmp */ = {
			isa = PBXNativeTarget;
			buildConfigurationList = DC5104422660B62400BB3F08 /* Build configuration list for PBXNativeTarget "openmp" */;
			buildPhases = (
				DC5104372660B62400BB3F08 /* Sources */,
				DC5104382660B62400BB3F08 /* Frameworks */,
				DC5104392660B62400BB3F08 /* CopyFiles */,
			);
			buildRules = (
			);
			dependencies = (
			);
			name = openmp;
			productName = openmp;
			productReference = DC51043B2660B62400BB3F08 /* openmp */;
			productType = "com.apple.product-type.tool";
		};
/* End PBXNativeTarget section */

/* Begin PBXProject section */
		DC5104332660B62400BB3F08 /* Project object */ = {
			isa = PBXProject;
			attributes = {
				LastUpgradeCheck = 1150;
				ORGANIZATIONNAME = "Daniel Ivanov";
				TargetAttributes = {
					DC51043A2660B62400BB3F08 = {
						CreatedOnToolsVersion = 11.5;
					};
				};
			};
			buildConfigurationList = DC5104362660B62400BB3F08 /* Build configuration list for PBXProject "openmp" */;
			compatibilityVersion = "Xcode 9.3";
			developmentRegion = en;
			hasScannedForEncodings = 0;
			knownRegions = (
				en,
				Base,
			);
			mainGroup = DC5104322660B62400BB3F08;
			productRefGroup = DC51043C2660B62400BB3F08 /* Products */;
			projectDirPath = "";
			projectRoot = "";
			targets = (
				DC51043A2660B62400BB3F08 /* openmp */,
			);
		};
/* End PBXProject section */

/* Begin PBXSourcesBuildPhase section */
		DC5104372660B62400BB3F08 /* Sources */ = {
			isa = PBXSourcesBuildPhase;
			buildActionMask = 2147483647;
			files = (
				DC51043F2660B62400BB3F08 /* main.cpp in Sources */,
			);
			runOnlyForDeploymentPostprocessing = 0;
		};
/* End PBXSourcesBuildPhase section */

/* Begin XCBuildConfiguration section */
		DC5104402660B62400BB3F08 /* Debug */ = {
			isa = XCBuildConfiguration;
			buildSettings = {
				ALWAYS_SEARCH_USER_PATHS = NO;
				CLANG_ANALYZER_NONNULL = YES;
				CLANG_ANALYZER_NUMBER_OBJECT_CONVERSION = YES_AGGRESSIVE;
				CLANG_CXX_LANGUAGE_STANDARD = "gnu++14";
				CLANG_CXX_LIBRARY = "libc++";
				CLANG_ENABLE_MODULES = YES;
				CLANG_ENABLE_OBJC_ARC = YES;
				CLANG_ENABLE_OBJC_WEAK = YES;
				CLANG_WARN_BLOCK_CAPTURE_AUTORELEASING = YES;
				CLANG_WARN_BOOL_CONVERSION = YES;
				CLANG_WARN_COMMA = YES;
				CLANG_WARN_CONSTANT_CONVERSION = YES;
				CLANG_WARN_DEPRECATED_OBJC_IMPLEMENTATIONS = YES;
				CLANG_WARN_DIRECT_OBJC_ISA_USAGE = YES_ERROR;
				CLANG_WARN_DOCUMENTATION_COMMENTS = YES;
				CLANG_WARN_EMPTY_BODY = YES;
				CLANG_WARN_ENUM_CONVERSION = YES;
				CLANG_WARN_INFINITE_RECURSION = YES;
				CLANG_WARN_INT_CONVERSION = YES;
				CLANG_WARN_NON_LITERAL_NULL_CONVERSION = YES;
				CLANG_WARN_OBJC_IMPLICIT_RETAIN_SELF = YES;
				CLANG_WARN_OBJC_LITERAL_CONVERSION = YES;
				CLANG_WARN_OBJC_ROOT_CLASS = YES_ERROR;
				CLANG_WARN_RANGE_LOOP_ANALYSIS = YES;
				CLANG_WARN_STRICT_PROTOTYPES = YES;
				CLANG_WARN_SUSPICIOUS_MOVE = YES;
				CLANG_WARN_UNGUARDED_AVAILABILITY = YES_AGGRESSIVE;
				CLANG_WARN_UNREACHABLE_CODE = YES;
				CLANG_WARN__DUPLICATE_METHOD_MATCH = YES;
				COPY_PHASE_STRIP = NO;
				DEBUG_INFORMATION_FORMAT = dwarf;
				ENABLE_STRICT_OBJC_MSGSEND = YES;
				ENABLE_TESTABILITY = YES;
				GCC_C_LANGUAGE_STANDARD = gnu11;
				GCC_DYNAMIC_NO_PIC = NO;
				GCC_NO_COMMON_BLOCKS = YES;
				GCC_OPTIMIZATION_LEVEL = 0;
				GCC_PREPROCESSOR_DEFINITIONS = (
					"DEBUG=1",
					"$(inherited)",
				);
				GCC_WARN_64_TO_32_BIT_CONVERSION = YES;
				GCC_WARN_ABOUT_RETURN_TYPE = YES_ERROR;
				GCC_WARN_UNDECLARED_SELECTOR = YES;
				GCC_WARN_UNINITIALIZED_AUTOS = YES_AGGRESSIVE;
				GCC_WARN_UNUSED_FUNCTION = YES;
				GCC_WARN_UNUSED_VARIABLE = YES;
				MACOSX_DEPLOYMENT_TARGET = 10.15;
				MTL_ENABLE_DEBUG_INFO = INCLUDE_SOURCE;
				MTL_FAST_MATH = YES;
				ONLY_ACTIVE_ARCH = YES;
				SDKROOT = macosx;
			};
			name = Debug;
		};
		DC5104412660B62400BB3F08 /* Release */ = {
			isa = XCBuildConfiguration;
			buildSettings = {
				ALWAYS_SEARCH_USER_PATHS = NO;
				CLANG_ANALYZER_NONNULL = YES;
				CLANG_ANALYZER_NUMBER_OBJECT_CONVERSION = YES_AGGRESSIVE;
				CLANG_CXX_LANGUAGE_STANDARD = "gnu++14";
				CLANG_CXX_LIBRARY = "libc++";
				CLANG_ENABLE_MODULES = YES;
				CLANG_ENABLE_OBJC_ARC = YES;
				CLANG_ENABLE_OBJC_WEAK = YES;
				CLANG_WARN_BLOCK_CAPTURE_AUTORELEASING = YES;
				CLANG_WARN_BOOL_CONVERSION = YES;
				CLANG_WARN_COMMA = YES;
				CLANG_WARN_CONSTANT_CONVERSION = YES;
				CLANG_WARN_DEPRECATED_OBJC_IMPLEMENTATIONS = YES;
				CLANG_WARN_DIRECT_OBJC_ISA_USAGE = YES_ERROR;
				CLANG_WARN_DOCUMENTATION_COMMENTS = YES;
				CLANG_WARN_EMPTY_BODY = YES;
				CLANG_WARN_ENUM_CONVERSION = YES;
				CLANG_WARN_INFINITE_RECURSION = YES;
				CLANG_WARN_INT_CONVERSION = YES;
				CLANG_WARN_NON_LITERAL_NULL_CONVERSION = YES;
				CLANG_WARN_OBJC_IMPLICIT_RETAIN_SELF = YES;
				CLANG_WARN_OBJC_LITERAL_CONVERSION = YES;
				CLANG_WARN_OBJC_ROOT_CLASS = YES_ERROR;
				CLANG_WARN_RANGE_LOOP_ANALYSIS = YES;
				CLANG_WARN_STRICT_PROTOTYPES = YES;
				CLANG_WARN_SUSPICIOUS_MOVE = YES;
				CLANG_WARN_UNGUARDED_AVAILABILITY = YES_AGGRESSIVE;
				CLANG_WARN_UNREACHABLE_CODE = YES;
				CLANG_WARN__DUPLICATE_METHOD_MATCH = YES;
				COPY_PHASE_STRIP = NO;
				DEBUG_INFORMATION_FORMAT = "dwarf-with-dsym";
				ENABLE_NS_ASSERTIONS = NO;
				ENABLE_STRICT_OBJC_MSGSEND = YES;
				GCC_C_LANGUAGE_STANDARD = gnu11;
				GCC_NO_COMMON_BLOCKS = YES;
				GCC_WARN_64_TO_32_BIT_CONVERSION = YES;
				GCC_WARN_ABOUT_RETURN_TYPE = YES_ERROR;
				GCC_WARN_UNDECLARED_SELECTOR = YES;
				GCC_WARN_UNINITIALIZED_AUTOS = YES_AGGRESSIVE;
				GCC_WARN_UNUSED_FUNCTION = YES;
				GCC_WARN_UNUSED_VARIABLE = YES;
				MACOSX_DEPLOYMENT_TARGET = 10.15;
				MTL_ENABLE_DEBUG_INFO = NO;
				MTL_FAST_MATH = YES;
				SDKROOT = macosx;
			};
			name = Release;
		};
		DC5104432660B62400BB3F08 /* Debug */ = {
			isa = XCBuildConfiguration;
			buildSettings = {
				CC = /usr/local/opt/llvm/bin/clang;
				CLANG_ENABLE_MODULES = NO;
				CODE_SIGN_STYLE = Automatic;
				HEADER_SEARCH_PATHS = /usr/local/opt/llvm/lib/clang/12.0.0/include;
				LIBRARY_SEARCH_PATHS = (
					usr/local/opt/llvm/lib,
					/usr/local/Cellar/llvm/12.0.0_1/lib,
				);
				OTHER_CFLAGS = "-fopenmp";
				PRODUCT_NAME = "$(TARGET_NAME)";
			};
			name = Debug;
		};
		DC5104442660B62400BB3F08 /* Release */ = {
			isa = XCBuildConfiguration;
			buildSettings = {
				CC = /usr/local/opt/llvm/bin/clang;
				CLANG_ENABLE_MODULES = NO;
				CODE_SIGN_STYLE = Automatic;
				HEADER_SEARCH_PATHS = /usr/local/opt/llvm/lib/clang/12.0.0/include;
				LIBRARY_SEARCH_PATHS = (
					usr/local/opt/llvm/lib,
					/usr/local/Cellar/llvm/12.0.0_1/lib,
				);
				OTHER_CFLAGS = "-fopenmp";
				PRODUCT_NAME = "$(TARGET_NAME)";
			};
			name = Release;
		};
/* End XCBuildConfiguration section */

/* Begin XCConfigurationList section */
		DC5104362660B62400BB3F08 /* Build configuration list for PBXProject "openmp" */ = {
			isa = XCConfigurationList;
			buildConfigurations = (
				DC5104402660B62400BB3F08 /* Debug */,
				DC5104412660B62400BB3F08 /* Release */,
			);
			defaultConfigurationIsVisible = 0;
			defaultConfigurationName = Release;
		};
		DC5104422660B62400BB3F08 /* Build configuration list for PBXNativeTarget "openmp" */ = {
			isa = XCConfigurationList;
			buildConfigurations = (
				DC5104432660B62400BB3F08 /* Debug */,
				DC5104442660B62400BB3F08 /* Release */,
			);
			defaultConfigurationIsVisible = 0;
			defaultConfigurationName = Release;
		};
/* End XCConfigurationList section */
	};
	rootObject = DC5104332660B62400BB3F08 /* Project object */;
}
